
Microsoft Visual Studio Solution File, Format Version 12.00
# Visual Studio Version 17
VisualStudioVersion = 17.5.002.0
MinimumVisualStudioVersion = 10.0.40219.1
Project("{9A19103F-16F7-4668-BE54-9A1E7A4F7556}") = "StudentManagementService", "StudentManagementService.csproj", "{CFF3A028-9E50-4E2C-9544-DDFAE11DED22}"
EndProject
Global
	GlobalSection(SolutionConfigurationPlatforms) = preSolution
		Debug|Any CPU = Debug|Any CPU
		Release|Any CPU = Release|Any CPU
	EndGlobalSection
	GlobalSection(ProjectConfigurationPlatforms) = postSolution
		{CFF3A028-9E50-4E2C-9544-DDFAE11DED22}.Debug|Any CPU.ActiveCfg = Debug|Any CPU
		{CFF3A028-9E50-4E2C-9544-DDFAE11DED22}.Debug|Any CPU.Build.0 = Debug|Any CPU
		{CFF3A028-9E50-4E2C-9544-DDFAE11DED22}.Release|Any CPU.ActiveCfg = Release|Any CPU
		{CFF3A028-9E50-4E2C-9544-DDFAE11DED22}.Release|Any CPU.Build.0 = Release|Any CPU
	EndGlobalSection
	GlobalSection(SolutionProperties) = preSolution
		HideSolutionNode = FALSE
	EndGlobalSection
	GlobalSection(ExtensibilityGlobals) = postSolution
		SolutionGuid = {A4D79EA4-BB42-484C-87CB-F80D64009D91}
	EndGlobalSection
EndGlobal
